{
    "_meta": {
        "hash": {
            "sha256": "d41654ace2b2876ce51555cdd95d3960e3fe96472551d1cb7e38858c970acfcd"
        },
        "pipfile-spec": 6,
        "requires": {
            "python_version": "3.10"
        },
        "sources": [
            {
                "name": "pypi",
                "url": "https://pypi.org/simple",
                "verify_ssl": true
            },
            {
                "name": "pytorch",
                "url": "https://download.pytorch.org/whl/cu118",
                "verify_ssl": false
            }
        ]
    },
    "default": {},
    "develop": {}
}
