{
    "_meta": {
        "hash": {
            "sha256": "551459a1b2a4acd2bc4668a4e71b8a2f640a8235d7f935f0dbb380eb017739f6"
        },
        "pipfile-spec": 6,
        "requires": {
            "python_version": "3.10"
        },
        "sources": [
            {
                "name": "pypi",
                "url": "https://pypi.org/simple",
                "verify_ssl": true
            },
            {
                "name": "pytorch",
                "url": "https://download.pytorch.org/whl/cu118",
                "verify_ssl": false
            }
        ]
    },
    "default": {},
    "develop": {}
}
