{
    "name": "new-makersaurus-project",
    "version": "0.0.0",
    "lockfileVersion": 2,
    "requires": true,
    "packages": {
        "": {
            "name": "new-makersaurus-project",
            "version": "0.0.0",
            "dependencies": {
                "@h2oai/makersaurus": "^0.4.0"
            }
        },
        "node_modules/@babel/runtime": {
            "version": "7.21.5",
            "resolved": "https://registry.npmjs.org/@babel/runtime/-/runtime-7.21.5.tgz",
            "integrity": "sha512-8jI69toZqqcsnqGGqwGS4Qb1VwLOEp4hz+CXPywcvjs60u3B4Pom/U/7rm4W8tMOYEB+E9wgD0mW1l3r8qlI9Q==",
            "dependencies": {
                "regenerator-runtime": "^0.13.11"
            },
            "engines": {
                "node": ">=6.9.0"
            }
        },
        "node_modules/@h2oai/makersaurus": {
            "version": "0.4.0",
            "resolved": "https://npm.pkg.github.com/download/@h2oai/makersaurus/0.4.0/b35eed6758ef47d5a203d8e9c909d3dff723b2ec",
            "integrity": "sha512-sBt8J8BY5ZFjKvDT1neE+g1tCY/uOV6/AMzY9NzlZNh6Hweg12Uy8uA3adFWZf+7wl0RVT7ziMoJmWsnp4IsIQ==",
            "dependencies": {
                "commander": "^9.4.1",
                "handlebars": "^4.7.7",
                "sync-directory": "^5.1.9",
                "yup": "^0.32.11"
            },
            "bin": {
                "makersaurus": "src/bin.js"
            }
        },
        "node_modules/@types/lodash": {
            "version": "4.14.194",
            "resolved": "https://registry.npmjs.org/@types/lodash/-/lodash-4.14.194.tgz",
            "integrity": "sha512-r22s9tAS7imvBt2lyHC9B8AGwWnXaYb1tY09oyLkXDs4vArpYJzw09nj8MLx5VfciBPGIb+ZwG0ssYnEPJxn/g=="
        },
        "node_modules/anymatch": {
            "version": "3.1.3",
            "resolved": "https://registry.npmjs.org/anymatch/-/anymatch-3.1.3.tgz",
            "integrity": "sha512-KMReFUr0B4t+D+OBkjR3KYqvocp2XaSzO55UcB6mgQMd3KbcE+mWTyvVV7D/zsdEbNnV6acZUutkiHQXvTr1Rw==",
            "dependencies": {
                "normalize-path": "^3.0.0",
                "picomatch": "^2.0.4"
            },
            "engines": {
                "node": ">= 8"
            }
        },
        "node_modules/binary-extensions": {
            "version": "2.2.0",
            "resolved": "https://registry.npmjs.org/binary-extensions/-/binary-extensions-2.2.0.tgz",
            "integrity": "sha512-jDctJ/IVQbZoJykoeHbhXpOlNBqGNcwXJKJog42E5HDPUwQTSdjCHdihjj0DlnheQ7blbT6dHOafNAiS8ooQKA==",
            "engines": {
                "node": ">=8"
            }
        },
        "node_modules/braces": {
            "version": "3.0.2",
            "resolved": "https://registry.npmjs.org/braces/-/braces-3.0.2.tgz",
            "integrity": "sha512-b8um+L1RzM3WDSzvhm6gIz1yfTbBt6YTlcEKAvsmqCZZFw46z626lVj9j1yEPW33H5H+lBQpZMP1k8l+78Ha0A==",
            "dependencies": {
                "fill-range": "^7.0.1"
            },
            "engines": {
                "node": ">=8"
            }
        },
        "node_modules/call-me-maybe": {
            "version": "1.0.2",
            "resolved": "https://registry.npmjs.org/call-me-maybe/-/call-me-maybe-1.0.2.tgz",
            "integrity": "sha512-HpX65o1Hnr9HH25ojC1YGs7HCQLq0GCOibSaWER0eNpgJ/Z1MZv2mTc7+xh6WOPxbRVcmgbv4hGU+uSQ/2xFZQ=="
        },
        "node_modules/chokidar": {
            "version": "3.5.3",
            "resolved": "https://registry.npmjs.org/chokidar/-/chokidar-3.5.3.tgz",
            "integrity": "sha512-Dr3sfKRP6oTcjf2JmUmFJfeVMvXBdegxB0iVQ5eb2V10uFJUCAS8OByZdVAyVb8xXNz3GjjTgj9kLWsZTqE6kw==",
            "funding": [
                {
                    "type": "individual",
                    "url": "https://paulmillr.com/funding/"
                }
            ],
            "dependencies": {
                "anymatch": "~3.1.2",
                "braces": "~3.0.2",
                "glob-parent": "~5.1.2",
                "is-binary-path": "~2.1.0",
                "is-glob": "~4.0.1",
                "normalize-path": "~3.0.0",
                "readdirp": "~3.6.0"
            },
            "engines": {
                "node": ">= 8.10.0"
            },
            "optionalDependencies": {
                "fsevents": "~2.3.2"
            }
        },
        "node_modules/commander": {
            "version": "9.5.0",
            "resolved": "https://registry.npmjs.org/commander/-/commander-9.5.0.tgz",
            "integrity": "sha512-KRs7WVDKg86PWiuAqhDrAQnTXZKraVcCc6vFdL14qrZ/DcWwuRo7VoiYXalXO7S5GKpqYiVEwCbgFDfxNHKJBQ==",
            "engines": {
                "node": "^12.20.0 || >=14"
            }
        },
        "node_modules/es6-promise": {
            "version": "4.2.8",
            "resolved": "https://registry.npmjs.org/es6-promise/-/es6-promise-4.2.8.tgz",
            "integrity": "sha512-HJDGx5daxeIvxdBxvG2cb9g4tEvwIk3i8+nhX0yGrYmZUzbkdg8QbDevheDB8gd0//uPj4c1EQua8Q+MViT0/w=="
        },
        "node_modules/fill-range": {
            "version": "7.0.1",
            "resolved": "https://registry.npmjs.org/fill-range/-/fill-range-7.0.1.tgz",
            "integrity": "sha512-qOo9F+dMUmC2Lcb4BbVvnKJxTPjCm+RRpe4gDuGrzkL7mEVl/djYSu2OdQ2Pa302N4oqkSg9ir6jaLWJ2USVpQ==",
            "dependencies": {
                "to-regex-range": "^5.0.1"
            },
            "engines": {
                "node": ">=8"
            }
        },
        "node_modules/fs-extra": {
            "version": "7.0.1",
            "resolved": "https://registry.npmjs.org/fs-extra/-/fs-extra-7.0.1.tgz",
            "integrity": "sha512-YJDaCJZEnBmcbw13fvdAM9AwNOJwOzrE4pqMqBq5nFiEqXUqHwlK4B+3pUw6JNvfSPtX05xFHtYy/1ni01eGCw==",
            "dependencies": {
                "graceful-fs": "^4.1.2",
                "jsonfile": "^4.0.0",
                "universalify": "^0.1.0"
            },
            "engines": {
                "node": ">=6 <7 || >=8"
            }
        },
        "node_modules/fsevents": {
            "version": "2.3.2",
            "resolved": "https://registry.npmjs.org/fsevents/-/fsevents-2.3.2.tgz",
            "integrity": "sha512-xiqMQR4xAeHTuB9uWm+fFRcIOgKBMiOBP+eXiyT7jsgVCq1bkVygt00oASowB7EdtpOHaaPgKt812P9ab+DDKA==",
            "hasInstallScript": true,
            "optional": true,
            "os": [
                "darwin"
            ],
            "engines": {
                "node": "^8.16.0 || ^10.6.0 || >=11.0.0"
            }
        },
        "node_modules/glob-parent": {
            "version": "5.1.2",
            "resolved": "https://registry.npmjs.org/glob-parent/-/glob-parent-5.1.2.tgz",
            "integrity": "sha512-AOIgSQCepiJYwP3ARnGx+5VnTu2HBYdzbGP45eLw1vr3zB3vZLeyed1sC9hnbcOc9/SrMyM5RPQrkGz4aS9Zow==",
            "dependencies": {
                "is-glob": "^4.0.1"
            },
            "engines": {
                "node": ">= 6"
            }
        },
        "node_modules/glob-to-regexp": {
            "version": "0.3.0",
            "resolved": "https://registry.npmjs.org/glob-to-regexp/-/glob-to-regexp-0.3.0.tgz",
            "integrity": "sha512-Iozmtbqv0noj0uDDqoL0zNq0VBEfK2YFoMAZoxJe4cwphvLR+JskfF30QhXHOR4m3KrE6NLRYw+U9MRXvifyig=="
        },
        "node_modules/graceful-fs": {
            "version": "4.2.11",
            "resolved": "https://registry.npmjs.org/graceful-fs/-/graceful-fs-4.2.11.tgz",
            "integrity": "sha512-RbJ5/jmFcNNCcDV5o9eTnBLJ/HszWV0P73bc+Ff4nS/rJj+YaS6IGyiOL0VoBYX+l1Wrl3k63h/KrH+nhJ0XvQ=="
        },
        "node_modules/handlebars": {
            "version": "4.7.7",
            "resolved": "https://registry.npmjs.org/handlebars/-/handlebars-4.7.7.tgz",
            "integrity": "sha512-aAcXm5OAfE/8IXkcZvCepKU3VzW1/39Fb5ZuqMtgI/hT8X2YgoMvBY5dLhq/cpOvw7Lk1nK/UF71aLG/ZnVYRA==",
            "dependencies": {
                "minimist": "^1.2.5",
                "neo-async": "^2.6.0",
                "source-map": "^0.6.1",
                "wordwrap": "^1.0.0"
            },
            "bin": {
                "handlebars": "bin/handlebars"
            },
            "engines": {
                "node": ">=0.4.7"
            },
            "optionalDependencies": {
                "uglify-js": "^3.1.4"
            }
        },
        "node_modules/is-absolute": {
            "version": "1.0.0",
            "resolved": "https://registry.npmjs.org/is-absolute/-/is-absolute-1.0.0.tgz",
            "integrity": "sha512-dOWoqflvcydARa360Gvv18DZ/gRuHKi2NU/wU5X1ZFzdYfH29nkiNZsF3mp4OJ3H4yo9Mx8A/uAGNzpzPN3yBA==",
            "dependencies": {
                "is-relative": "^1.0.0",
                "is-windows": "^1.0.1"
            },
            "engines": {
                "node": ">=0.10.0"
            }
        },
        "node_modules/is-binary-path": {
            "version": "2.1.0",
            "resolved": "https://registry.npmjs.org/is-binary-path/-/is-binary-path-2.1.0.tgz",
            "integrity": "sha512-ZMERYes6pDydyuGidse7OsHxtbI7WVeUEozgR/g7rd0xUimYNlvZRE/K2MgZTjWy725IfelLeVcEM97mmtRGXw==",
            "dependencies": {
                "binary-extensions": "^2.0.0"
            },
            "engines": {
                "node": ">=8"
            }
        },
        "node_modules/is-extglob": {
            "version": "2.1.1",
            "resolved": "https://registry.npmjs.org/is-extglob/-/is-extglob-2.1.1.tgz",
            "integrity": "sha512-SbKbANkN603Vi4jEZv49LeVJMn4yGwsbzZworEoyEiutsN3nJYdbO36zfhGJ6QEDpOZIFkDtnq5JRxmvl3jsoQ==",
            "engines": {
                "node": ">=0.10.0"
            }
        },
        "node_modules/is-glob": {
            "version": "4.0.3",
            "resolved": "https://registry.npmjs.org/is-glob/-/is-glob-4.0.3.tgz",
            "integrity": "sha512-xelSayHH36ZgE7ZWhli7pW34hNbNl8Ojv5KVmkJD4hBdD3th8Tfk9vYasLM+mXWOZhFkgZfxhLSnrwRr4elSSg==",
            "dependencies": {
                "is-extglob": "^2.1.1"
            },
            "engines": {
                "node": ">=0.10.0"
            }
        },
        "node_modules/is-number": {
            "version": "7.0.0",
            "resolved": "https://registry.npmjs.org/is-number/-/is-number-7.0.0.tgz",
            "integrity": "sha512-41Cifkg6e8TylSpdtTpeLVMqvSBEVzTttHvERD741+pnZ8ANv0004MRL43QKPDlK9cGvNp6NZWZUBlbGXYxxng==",
            "engines": {
                "node": ">=0.12.0"
            }
        },
        "node_modules/is-relative": {
            "version": "1.0.0",
            "resolved": "https://registry.npmjs.org/is-relative/-/is-relative-1.0.0.tgz",
            "integrity": "sha512-Kw/ReK0iqwKeu0MITLFuj0jbPAmEiOsIwyIXvvbfa6QfmN9pkD1M+8pdk7Rl/dTKbH34/XBFMbgD4iMJhLQbGA==",
            "dependencies": {
                "is-unc-path": "^1.0.0"
            },
            "engines": {
                "node": ">=0.10.0"
            }
        },
        "node_modules/is-unc-path": {
            "version": "1.0.0",
            "resolved": "https://registry.npmjs.org/is-unc-path/-/is-unc-path-1.0.0.tgz",
            "integrity": "sha512-mrGpVd0fs7WWLfVsStvgF6iEJnbjDFZh9/emhRDcGWTduTfNHd9CHeUwH3gYIjdbwo4On6hunkztwOaAw0yllQ==",
            "dependencies": {
                "unc-path-regex": "^0.1.2"
            },
            "engines": {
                "node": ">=0.10.0"
            }
        },
        "node_modules/is-windows": {
            "version": "1.0.2",
            "resolved": "https://registry.npmjs.org/is-windows/-/is-windows-1.0.2.tgz",
            "integrity": "sha512-eXK1UInq2bPmjyX6e3VHIzMLobc4J94i4AWn+Hpq3OU5KkrRC96OAcR3PRJ/pGu6m8TRnBHP9dkXQVsT/COVIA==",
            "engines": {
                "node": ">=0.10.0"
            }
        },
        "node_modules/jsonfile": {
            "version": "4.0.0",
            "resolved": "https://registry.npmjs.org/jsonfile/-/jsonfile-4.0.0.tgz",
            "integrity": "sha512-m6F1R3z8jjlf2imQHS2Qez5sjKWQzbuuhuJ/FKYFRZvPE3PuHcSMVZzfsLhGVOkfd20obL5SWEBew5ShlquNxg==",
            "optionalDependencies": {
                "graceful-fs": "^4.1.6"
            }
        },
        "node_modules/lodash": {
            "version": "4.17.21",
            "resolved": "https://registry.npmjs.org/lodash/-/lodash-4.17.21.tgz",
            "integrity": "sha512-v2kDEe57lecTulaDIuNTPy3Ry4gLGJ6Z1O3vE1krgXZNrsQ+LFTGHVxVjcXPs17LhbZVGedAJv8XZ1tvj5FvSg=="
        },
        "node_modules/lodash-es": {
            "version": "4.17.21",
            "resolved": "https://registry.npmjs.org/lodash-es/-/lodash-es-4.17.21.tgz",
            "integrity": "sha512-mKnC+QJ9pWVzv+C4/U3rRsHapFfHvQFoFB92e52xeyGMcX6/OlIl78je1u8vePzYZSkkogMPJ2yjxxsb89cxyw=="
        },
        "node_modules/minimist": {
            "version": "1.2.8",
            "resolved": "https://registry.npmjs.org/minimist/-/minimist-1.2.8.tgz",
            "integrity": "sha512-2yyAR8qBkN3YuheJanUpWC5U3bb5osDywNB8RzDVlDwDHbocAJveqqj1u8+SVD7jkWT4yvsHCpWqqWqAxb0zCA==",
            "funding": {
                "url": "https://github.com/sponsors/ljharb"
            }
        },
        "node_modules/nanoclone": {
            "version": "0.2.1",
            "resolved": "https://registry.npmjs.org/nanoclone/-/nanoclone-0.2.1.tgz",
            "integrity": "sha512-wynEP02LmIbLpcYw8uBKpcfF6dmg2vcpKqxeH5UcoKEYdExslsdUA4ugFauuaeYdTB76ez6gJW8XAZ6CgkXYxA=="
        },
        "node_modules/neo-async": {
            "version": "2.6.2",
            "resolved": "https://registry.npmjs.org/neo-async/-/neo-async-2.6.2.tgz",
            "integrity": "sha512-Yd3UES5mWCSqR+qNT93S3UoYUkqAZ9lLg8a7g9rimsWmYGK8cVToA4/sF3RrshdyV3sAGMXVUmpMYOw+dLpOuw=="
        },
        "node_modules/normalize-path": {
            "version": "3.0.0",
            "resolved": "https://registry.npmjs.org/normalize-path/-/normalize-path-3.0.0.tgz",
            "integrity": "sha512-6eZs5Ls3WtCisHWp9S2GUy8dqkpGi4BVSz3GaqiE6ezub0512ESztXUwUB6C6IKbQkY2Pnb/mD4WYojCRwcwLA==",
            "engines": {
                "node": ">=0.10.0"
            }
        },
        "node_modules/picomatch": {
            "version": "2.3.1",
            "resolved": "https://registry.npmjs.org/picomatch/-/picomatch-2.3.1.tgz",
            "integrity": "sha512-JU3teHTNjmE2VCGFzuY8EXzCDVwEqB2a8fsIvwaStHhAWJEeVd1o1QD80CU6+ZdEXXSLbSsuLwJjkCBWqRQUVA==",
            "engines": {
                "node": ">=8.6"
            },
            "funding": {
                "url": "https://github.com/sponsors/jonschlinkert"
            }
        },
        "node_modules/property-expr": {
            "version": "2.0.5",
            "resolved": "https://registry.npmjs.org/property-expr/-/property-expr-2.0.5.tgz",
            "integrity": "sha512-IJUkICM5dP5znhCckHSv30Q4b5/JA5enCtkRHYaOVOAocnH/1BQEYTC5NMfT3AVl/iXKdr3aqQbQn9DxyWknwA=="
        },
        "node_modules/readdir-enhanced": {
            "version": "1.5.2",
            "resolved": "https://registry.npmjs.org/readdir-enhanced/-/readdir-enhanced-1.5.2.tgz",
            "integrity": "sha512-oncAoS9LLjy/+DeZfSAdZBI/iFJGcPCOp44RPFI6FIMHuxt5CC5P0cUZ9mET+EZB9ONhcEvAids/lVRkj0sTHw==",
            "dependencies": {
                "call-me-maybe": "^1.0.1",
                "es6-promise": "^4.1.0",
                "glob-to-regexp": "^0.3.0"
            }
        },
        "node_modules/readdirp": {
            "version": "3.6.0",
            "resolved": "https://registry.npmjs.org/readdirp/-/readdirp-3.6.0.tgz",
            "integrity": "sha512-hOS089on8RduqdbhvQ5Z37A0ESjsqz6qnRcffsMU3495FuTdqSm+7bhJ29JvIOsBDEEnan5DPu9t3To9VRlMzA==",
            "dependencies": {
                "picomatch": "^2.2.1"
            },
            "engines": {
                "node": ">=8.10.0"
            }
        },
        "node_modules/regenerator-runtime": {
            "version": "0.13.11",
            "resolved": "https://registry.npmjs.org/regenerator-runtime/-/regenerator-runtime-0.13.11.tgz",
            "integrity": "sha512-kY1AZVr2Ra+t+piVaJ4gxaFaReZVH40AKNo7UCX6W+dEwBo/2oZJzqfuN1qLq1oL45o56cPaTXELwrTh8Fpggg=="
        },
        "node_modules/source-map": {
            "version": "0.6.1",
            "resolved": "https://registry.npmjs.org/source-map/-/source-map-0.6.1.tgz",
            "integrity": "sha512-UjgapumWlbMhkBgzT7Ykc5YXUT46F0iKu8SGXq0bcwP5dz/h0Plj6enJqjz1Zbq2l5WaqYnrVbwWOWMyF3F47g==",
            "engines": {
                "node": ">=0.10.0"
            }
        },
        "node_modules/sync-directory": {
            "version": "5.1.9",
            "resolved": "https://registry.npmjs.org/sync-directory/-/sync-directory-5.1.9.tgz",
            "integrity": "sha512-0942RssO+NrIjDcaNiXUH/NQoAamURT1zpzN/uB8fgyetDM8NtPPOQNax3+BuNUfw/2JcaEXrAz567DokNq0lw==",
            "dependencies": {
                "chokidar": "^3.3.1",
                "commander": "^6.2.0",
                "fs-extra": "^7.0.1",
                "is-absolute": "^1.0.0",
                "readdir-enhanced": "^1.5.2"
            },
            "bin": {
                "syncdir": "cmd.js"
            }
        },
        "node_modules/sync-directory/node_modules/commander": {
            "version": "6.2.1",
            "resolved": "https://registry.npmjs.org/commander/-/commander-6.2.1.tgz",
            "integrity": "sha512-U7VdrJFnJgo4xjrHpTzu0yrHPGImdsmD95ZlgYSEajAn2JKzDhDTPG9kBTefmObL2w/ngeZnilk+OV9CG3d7UA==",
            "engines": {
                "node": ">= 6"
            }
        },
        "node_modules/to-regex-range": {
            "version": "5.0.1",
            "resolved": "https://registry.npmjs.org/to-regex-range/-/to-regex-range-5.0.1.tgz",
            "integrity": "sha512-65P7iz6X5yEr1cwcgvQxbbIw7Uk3gOy5dIdtZ4rDveLqhrdJP+Li/Hx6tyK0NEb+2GCyneCMJiGqrADCSNk8sQ==",
            "dependencies": {
                "is-number": "^7.0.0"
            },
            "engines": {
                "node": ">=8.0"
            }
        },
        "node_modules/toposort": {
            "version": "2.0.2",
            "resolved": "https://registry.npmjs.org/toposort/-/toposort-2.0.2.tgz",
            "integrity": "sha512-0a5EOkAUp8D4moMi2W8ZF8jcga7BgZd91O/yabJCFY8az+XSzeGyTKs0Aoo897iV1Nj6guFq8orWDS96z91oGg=="
        },
        "node_modules/uglify-js": {
            "version": "3.17.4",
            "resolved": "https://registry.npmjs.org/uglify-js/-/uglify-js-3.17.4.tgz",
            "integrity": "sha512-T9q82TJI9e/C1TAxYvfb16xO120tMVFZrGA3f9/P4424DNu6ypK103y0GPFVa17yotwSyZW5iYXgjYHkGrJW/g==",
            "optional": true,
            "bin": {
                "uglifyjs": "bin/uglifyjs"
            },
            "engines": {
                "node": ">=0.8.0"
            }
        },
        "node_modules/unc-path-regex": {
            "version": "0.1.2",
            "resolved": "https://registry.npmjs.org/unc-path-regex/-/unc-path-regex-0.1.2.tgz",
            "integrity": "sha512-eXL4nmJT7oCpkZsHZUOJo8hcX3GbsiDOa0Qu9F646fi8dT3XuSVopVqAcEiVzSKKH7UoDti23wNX3qGFxcW5Qg==",
            "engines": {
                "node": ">=0.10.0"
            }
        },
        "node_modules/universalify": {
            "version": "0.1.2",
            "resolved": "https://registry.npmjs.org/universalify/-/universalify-0.1.2.tgz",
            "integrity": "sha512-rBJeI5CXAlmy1pV+617WB9J63U6XcazHHF2f2dbJix4XzpUF0RS3Zbj0FGIOCAva5P/d/GBOYaACQ1w+0azUkg==",
            "engines": {
                "node": ">= 4.0.0"
            }
        },
        "node_modules/wordwrap": {
            "version": "1.0.0",
            "resolved": "https://registry.npmjs.org/wordwrap/-/wordwrap-1.0.0.tgz",
            "integrity": "sha512-gvVzJFlPycKc5dZN4yPkP8w7Dc37BtP1yczEneOb4uq34pXZcvrtRTmWV8W+Ume+XCxKgbjM+nevkyFPMybd4Q=="
        },
        "node_modules/yup": {
            "version": "0.32.11",
            "resolved": "https://registry.npmjs.org/yup/-/yup-0.32.11.tgz",
            "integrity": "sha512-Z2Fe1bn+eLstG8DRR6FTavGD+MeAwyfmouhHsIUgaADz8jvFKbO/fXc2trJKZg+5EBjh4gGm3iU/t3onKlXHIg==",
            "dependencies": {
                "@babel/runtime": "^7.15.4",
                "@types/lodash": "^4.14.175",
                "lodash": "^4.17.21",
                "lodash-es": "^4.17.21",
                "nanoclone": "^0.2.1",
                "property-expr": "^2.0.4",
                "toposort": "^2.0.2"
            },
            "engines": {
                "node": ">=10"
            }
        }
    },
    "dependencies": {
        "@babel/runtime": {
            "version": "7.21.5",
            "resolved": "https://registry.npmjs.org/@babel/runtime/-/runtime-7.21.5.tgz",
            "integrity": "sha512-8jI69toZqqcsnqGGqwGS4Qb1VwLOEp4hz+CXPywcvjs60u3B4Pom/U/7rm4W8tMOYEB+E9wgD0mW1l3r8qlI9Q==",
            "requires": {
                "regenerator-runtime": "^0.13.11"
            }
        },
        "@h2oai/makersaurus": {
            "version": "0.4.0",
            "resolved": "https://npm.pkg.github.com/download/@h2oai/makersaurus/0.4.0/b35eed6758ef47d5a203d8e9c909d3dff723b2ec",
            "integrity": "sha512-sBt8J8BY5ZFjKvDT1neE+g1tCY/uOV6/AMzY9NzlZNh6Hweg12Uy8uA3adFWZf+7wl0RVT7ziMoJmWsnp4IsIQ==",
            "requires": {
                "commander": "^9.4.1",
                "handlebars": "^4.7.7",
                "sync-directory": "^5.1.9",
                "yup": "^0.32.11"
            }
        },
        "@types/lodash": {
            "version": "4.14.194",
            "resolved": "https://registry.npmjs.org/@types/lodash/-/lodash-4.14.194.tgz",
            "integrity": "sha512-r22s9tAS7imvBt2lyHC9B8AGwWnXaYb1tY09oyLkXDs4vArpYJzw09nj8MLx5VfciBPGIb+ZwG0ssYnEPJxn/g=="
        },
        "anymatch": {
            "version": "3.1.3",
            "resolved": "https://registry.npmjs.org/anymatch/-/anymatch-3.1.3.tgz",
            "integrity": "sha512-KMReFUr0B4t+D+OBkjR3KYqvocp2XaSzO55UcB6mgQMd3KbcE+mWTyvVV7D/zsdEbNnV6acZUutkiHQXvTr1Rw==",
            "requires": {
                "normalize-path": "^3.0.0",
                "picomatch": "^2.0.4"
            }
        },
        "binary-extensions": {
            "version": "2.2.0",
            "resolved": "https://registry.npmjs.org/binary-extensions/-/binary-extensions-2.2.0.tgz",
            "integrity": "sha512-jDctJ/IVQbZoJykoeHbhXpOlNBqGNcwXJKJog42E5HDPUwQTSdjCHdihjj0DlnheQ7blbT6dHOafNAiS8ooQKA=="
        },
        "braces": {
            "version": "3.0.2",
            "resolved": "https://registry.npmjs.org/braces/-/braces-3.0.2.tgz",
            "integrity": "sha512-b8um+L1RzM3WDSzvhm6gIz1yfTbBt6YTlcEKAvsmqCZZFw46z626lVj9j1yEPW33H5H+lBQpZMP1k8l+78Ha0A==",
            "requires": {
                "fill-range": "^7.0.1"
            }
        },
        "call-me-maybe": {
            "version": "1.0.2",
            "resolved": "https://registry.npmjs.org/call-me-maybe/-/call-me-maybe-1.0.2.tgz",
            "integrity": "sha512-HpX65o1Hnr9HH25ojC1YGs7HCQLq0GCOibSaWER0eNpgJ/Z1MZv2mTc7+xh6WOPxbRVcmgbv4hGU+uSQ/2xFZQ=="
        },
        "chokidar": {
            "version": "3.5.3",
            "resolved": "https://registry.npmjs.org/chokidar/-/chokidar-3.5.3.tgz",
            "integrity": "sha512-Dr3sfKRP6oTcjf2JmUmFJfeVMvXBdegxB0iVQ5eb2V10uFJUCAS8OByZdVAyVb8xXNz3GjjTgj9kLWsZTqE6kw==",
            "requires": {
                "anymatch": "~3.1.2",
                "braces": "~3.0.2",
                "fsevents": "~2.3.2",
                "glob-parent": "~5.1.2",
                "is-binary-path": "~2.1.0",
                "is-glob": "~4.0.1",
                "normalize-path": "~3.0.0",
                "readdirp": "~3.6.0"
            }
        },
        "commander": {
            "version": "9.5.0",
            "resolved": "https://registry.npmjs.org/commander/-/commander-9.5.0.tgz",
            "integrity": "sha512-KRs7WVDKg86PWiuAqhDrAQnTXZKraVcCc6vFdL14qrZ/DcWwuRo7VoiYXalXO7S5GKpqYiVEwCbgFDfxNHKJBQ=="
        },
        "es6-promise": {
            "version": "4.2.8",
            "resolved": "https://registry.npmjs.org/es6-promise/-/es6-promise-4.2.8.tgz",
            "integrity": "sha512-HJDGx5daxeIvxdBxvG2cb9g4tEvwIk3i8+nhX0yGrYmZUzbkdg8QbDevheDB8gd0//uPj4c1EQua8Q+MViT0/w=="
        },
        "fill-range": {
            "version": "7.0.1",
            "resolved": "https://registry.npmjs.org/fill-range/-/fill-range-7.0.1.tgz",
            "integrity": "sha512-qOo9F+dMUmC2Lcb4BbVvnKJxTPjCm+RRpe4gDuGrzkL7mEVl/djYSu2OdQ2Pa302N4oqkSg9ir6jaLWJ2USVpQ==",
            "requires": {
                "to-regex-range": "^5.0.1"
            }
        },
        "fs-extra": {
            "version": "7.0.1",
            "resolved": "https://registry.npmjs.org/fs-extra/-/fs-extra-7.0.1.tgz",
            "integrity": "sha512-YJDaCJZEnBmcbw13fvdAM9AwNOJwOzrE4pqMqBq5nFiEqXUqHwlK4B+3pUw6JNvfSPtX05xFHtYy/1ni01eGCw==",
            "requires": {
                "graceful-fs": "^4.1.2",
                "jsonfile": "^4.0.0",
                "universalify": "^0.1.0"
            }
        },
        "fsevents": {
            "version": "2.3.2",
            "resolved": "https://registry.npmjs.org/fsevents/-/fsevents-2.3.2.tgz",
            "integrity": "sha512-xiqMQR4xAeHTuB9uWm+fFRcIOgKBMiOBP+eXiyT7jsgVCq1bkVygt00oASowB7EdtpOHaaPgKt812P9ab+DDKA==",
            "optional": true
        },
        "glob-parent": {
            "version": "5.1.2",
            "resolved": "https://registry.npmjs.org/glob-parent/-/glob-parent-5.1.2.tgz",
            "integrity": "sha512-AOIgSQCepiJYwP3ARnGx+5VnTu2HBYdzbGP45eLw1vr3zB3vZLeyed1sC9hnbcOc9/SrMyM5RPQrkGz4aS9Zow==",
            "requires": {
                "is-glob": "^4.0.1"
            }
        },
        "glob-to-regexp": {
            "version": "0.3.0",
            "resolved": "https://registry.npmjs.org/glob-to-regexp/-/glob-to-regexp-0.3.0.tgz",
            "integrity": "sha512-Iozmtbqv0noj0uDDqoL0zNq0VBEfK2YFoMAZoxJe4cwphvLR+JskfF30QhXHOR4m3KrE6NLRYw+U9MRXvifyig=="
        },
        "graceful-fs": {
            "version": "4.2.11",
            "resolved": "https://registry.npmjs.org/graceful-fs/-/graceful-fs-4.2.11.tgz",
            "integrity": "sha512-RbJ5/jmFcNNCcDV5o9eTnBLJ/HszWV0P73bc+Ff4nS/rJj+YaS6IGyiOL0VoBYX+l1Wrl3k63h/KrH+nhJ0XvQ=="
        },
        "handlebars": {
            "version": "4.7.7",
            "resolved": "https://registry.npmjs.org/handlebars/-/handlebars-4.7.7.tgz",
            "integrity": "sha512-aAcXm5OAfE/8IXkcZvCepKU3VzW1/39Fb5ZuqMtgI/hT8X2YgoMvBY5dLhq/cpOvw7Lk1nK/UF71aLG/ZnVYRA==",
            "requires": {
                "minimist": "^1.2.5",
                "neo-async": "^2.6.0",
                "source-map": "^0.6.1",
                "uglify-js": "^3.1.4",
                "wordwrap": "^1.0.0"
            }
        },
        "is-absolute": {
            "version": "1.0.0",
            "resolved": "https://registry.npmjs.org/is-absolute/-/is-absolute-1.0.0.tgz",
            "integrity": "sha512-dOWoqflvcydARa360Gvv18DZ/gRuHKi2NU/wU5X1ZFzdYfH29nkiNZsF3mp4OJ3H4yo9Mx8A/uAGNzpzPN3yBA==",
            "requires": {
                "is-relative": "^1.0.0",
                "is-windows": "^1.0.1"
            }
        },
        "is-binary-path": {
            "version": "2.1.0",
            "resolved": "https://registry.npmjs.org/is-binary-path/-/is-binary-path-2.1.0.tgz",
            "integrity": "sha512-ZMERYes6pDydyuGidse7OsHxtbI7WVeUEozgR/g7rd0xUimYNlvZRE/K2MgZTjWy725IfelLeVcEM97mmtRGXw==",
            "requires": {
                "binary-extensions": "^2.0.0"
            }
        },
        "is-extglob": {
            "version": "2.1.1",
            "resolved": "https://registry.npmjs.org/is-extglob/-/is-extglob-2.1.1.tgz",
            "integrity": "sha512-SbKbANkN603Vi4jEZv49LeVJMn4yGwsbzZworEoyEiutsN3nJYdbO36zfhGJ6QEDpOZIFkDtnq5JRxmvl3jsoQ=="
        },
        "is-glob": {
            "version": "4.0.3",
            "resolved": "https://registry.npmjs.org/is-glob/-/is-glob-4.0.3.tgz",
            "integrity": "sha512-xelSayHH36ZgE7ZWhli7pW34hNbNl8Ojv5KVmkJD4hBdD3th8Tfk9vYasLM+mXWOZhFkgZfxhLSnrwRr4elSSg==",
            "requires": {
                "is-extglob": "^2.1.1"
            }
        },
        "is-number": {
            "version": "7.0.0",
            "resolved": "https://registry.npmjs.org/is-number/-/is-number-7.0.0.tgz",
            "integrity": "sha512-41Cifkg6e8TylSpdtTpeLVMqvSBEVzTttHvERD741+pnZ8ANv0004MRL43QKPDlK9cGvNp6NZWZUBlbGXYxxng=="
        },
        "is-relative": {
            "version": "1.0.0",
            "resolved": "https://registry.npmjs.org/is-relative/-/is-relative-1.0.0.tgz",
            "integrity": "sha512-Kw/ReK0iqwKeu0MITLFuj0jbPAmEiOsIwyIXvvbfa6QfmN9pkD1M+8pdk7Rl/dTKbH34/XBFMbgD4iMJhLQbGA==",
            "requires": {
                "is-unc-path": "^1.0.0"
            }
        },
        "is-unc-path": {
            "version": "1.0.0",
            "resolved": "https://registry.npmjs.org/is-unc-path/-/is-unc-path-1.0.0.tgz",
            "integrity": "sha512-mrGpVd0fs7WWLfVsStvgF6iEJnbjDFZh9/emhRDcGWTduTfNHd9CHeUwH3gYIjdbwo4On6hunkztwOaAw0yllQ==",
            "requires": {
                "unc-path-regex": "^0.1.2"
            }
        },
        "is-windows": {
            "version": "1.0.2",
            "resolved": "https://registry.npmjs.org/is-windows/-/is-windows-1.0.2.tgz",
            "integrity": "sha512-eXK1UInq2bPmjyX6e3VHIzMLobc4J94i4AWn+Hpq3OU5KkrRC96OAcR3PRJ/pGu6m8TRnBHP9dkXQVsT/COVIA=="
        },
        "jsonfile": {
            "version": "4.0.0",
            "resolved": "https://registry.npmjs.org/jsonfile/-/jsonfile-4.0.0.tgz",
            "integrity": "sha512-m6F1R3z8jjlf2imQHS2Qez5sjKWQzbuuhuJ/FKYFRZvPE3PuHcSMVZzfsLhGVOkfd20obL5SWEBew5ShlquNxg==",
            "requires": {
                "graceful-fs": "^4.1.6"
            }
        },
        "lodash": {
            "version": "4.17.21",
            "resolved": "https://registry.npmjs.org/lodash/-/lodash-4.17.21.tgz",
            "integrity": "sha512-v2kDEe57lecTulaDIuNTPy3Ry4gLGJ6Z1O3vE1krgXZNrsQ+LFTGHVxVjcXPs17LhbZVGedAJv8XZ1tvj5FvSg=="
        },
        "lodash-es": {
            "version": "4.17.21",
            "resolved": "https://registry.npmjs.org/lodash-es/-/lodash-es-4.17.21.tgz",
            "integrity": "sha512-mKnC+QJ9pWVzv+C4/U3rRsHapFfHvQFoFB92e52xeyGMcX6/OlIl78je1u8vePzYZSkkogMPJ2yjxxsb89cxyw=="
        },
        "minimist": {
            "version": "1.2.8",
            "resolved": "https://registry.npmjs.org/minimist/-/minimist-1.2.8.tgz",
            "integrity": "sha512-2yyAR8qBkN3YuheJanUpWC5U3bb5osDywNB8RzDVlDwDHbocAJveqqj1u8+SVD7jkWT4yvsHCpWqqWqAxb0zCA=="
        },
        "nanoclone": {
            "version": "0.2.1",
            "resolved": "https://registry.npmjs.org/nanoclone/-/nanoclone-0.2.1.tgz",
            "integrity": "sha512-wynEP02LmIbLpcYw8uBKpcfF6dmg2vcpKqxeH5UcoKEYdExslsdUA4ugFauuaeYdTB76ez6gJW8XAZ6CgkXYxA=="
        },
        "neo-async": {
            "version": "2.6.2",
            "resolved": "https://registry.npmjs.org/neo-async/-/neo-async-2.6.2.tgz",
            "integrity": "sha512-Yd3UES5mWCSqR+qNT93S3UoYUkqAZ9lLg8a7g9rimsWmYGK8cVToA4/sF3RrshdyV3sAGMXVUmpMYOw+dLpOuw=="
        },
        "normalize-path": {
            "version": "3.0.0",
            "resolved": "https://registry.npmjs.org/normalize-path/-/normalize-path-3.0.0.tgz",
            "integrity": "sha512-6eZs5Ls3WtCisHWp9S2GUy8dqkpGi4BVSz3GaqiE6ezub0512ESztXUwUB6C6IKbQkY2Pnb/mD4WYojCRwcwLA=="
        },
        "picomatch": {
            "version": "2.3.1",
            "resolved": "https://registry.npmjs.org/picomatch/-/picomatch-2.3.1.tgz",
            "integrity": "sha512-JU3teHTNjmE2VCGFzuY8EXzCDVwEqB2a8fsIvwaStHhAWJEeVd1o1QD80CU6+ZdEXXSLbSsuLwJjkCBWqRQUVA=="
        },
        "property-expr": {
            "version": "2.0.5",
            "resolved": "https://registry.npmjs.org/property-expr/-/property-expr-2.0.5.tgz",
            "integrity": "sha512-IJUkICM5dP5znhCckHSv30Q4b5/JA5enCtkRHYaOVOAocnH/1BQEYTC5NMfT3AVl/iXKdr3aqQbQn9DxyWknwA=="
        },
        "readdir-enhanced": {
            "version": "1.5.2",
            "resolved": "https://registry.npmjs.org/readdir-enhanced/-/readdir-enhanced-1.5.2.tgz",
            "integrity": "sha512-oncAoS9LLjy/+DeZfSAdZBI/iFJGcPCOp44RPFI6FIMHuxt5CC5P0cUZ9mET+EZB9ONhcEvAids/lVRkj0sTHw==",
            "requires": {
                "call-me-maybe": "^1.0.1",
                "es6-promise": "^4.1.0",
                "glob-to-regexp": "^0.3.0"
            }
        },
        "readdirp": {
            "version": "3.6.0",
            "resolved": "https://registry.npmjs.org/readdirp/-/readdirp-3.6.0.tgz",
            "integrity": "sha512-hOS089on8RduqdbhvQ5Z37A0ESjsqz6qnRcffsMU3495FuTdqSm+7bhJ29JvIOsBDEEnan5DPu9t3To9VRlMzA==",
            "requires": {
                "picomatch": "^2.2.1"
            }
        },
        "regenerator-runtime": {
            "version": "0.13.11",
            "resolved": "https://registry.npmjs.org/regenerator-runtime/-/regenerator-runtime-0.13.11.tgz",
            "integrity": "sha512-kY1AZVr2Ra+t+piVaJ4gxaFaReZVH40AKNo7UCX6W+dEwBo/2oZJzqfuN1qLq1oL45o56cPaTXELwrTh8Fpggg=="
        },
        "source-map": {
            "version": "0.6.1",
            "resolved": "https://registry.npmjs.org/source-map/-/source-map-0.6.1.tgz",
            "integrity": "sha512-UjgapumWlbMhkBgzT7Ykc5YXUT46F0iKu8SGXq0bcwP5dz/h0Plj6enJqjz1Zbq2l5WaqYnrVbwWOWMyF3F47g=="
        },
        "sync-directory": {
            "version": "5.1.9",
            "resolved": "https://registry.npmjs.org/sync-directory/-/sync-directory-5.1.9.tgz",
            "integrity": "sha512-0942RssO+NrIjDcaNiXUH/NQoAamURT1zpzN/uB8fgyetDM8NtPPOQNax3+BuNUfw/2JcaEXrAz567DokNq0lw==",
            "requires": {
                "chokidar": "^3.3.1",
                "commander": "^6.2.0",
                "fs-extra": "^7.0.1",
                "is-absolute": "^1.0.0",
                "readdir-enhanced": "^1.5.2"
            },
            "dependencies": {
                "commander": {
                    "version": "6.2.1",
                    "resolved": "https://registry.npmjs.org/commander/-/commander-6.2.1.tgz",
                    "integrity": "sha512-U7VdrJFnJgo4xjrHpTzu0yrHPGImdsmD95ZlgYSEajAn2JKzDhDTPG9kBTefmObL2w/ngeZnilk+OV9CG3d7UA=="
                }
            }
        },
        "to-regex-range": {
            "version": "5.0.1",
            "resolved": "https://registry.npmjs.org/to-regex-range/-/to-regex-range-5.0.1.tgz",
            "integrity": "sha512-65P7iz6X5yEr1cwcgvQxbbIw7Uk3gOy5dIdtZ4rDveLqhrdJP+Li/Hx6tyK0NEb+2GCyneCMJiGqrADCSNk8sQ==",
            "requires": {
                "is-number": "^7.0.0"
            }
        },
        "toposort": {
            "version": "2.0.2",
            "resolved": "https://registry.npmjs.org/toposort/-/toposort-2.0.2.tgz",
            "integrity": "sha512-0a5EOkAUp8D4moMi2W8ZF8jcga7BgZd91O/yabJCFY8az+XSzeGyTKs0Aoo897iV1Nj6guFq8orWDS96z91oGg=="
        },
        "uglify-js": {
            "version": "3.17.4",
            "resolved": "https://registry.npmjs.org/uglify-js/-/uglify-js-3.17.4.tgz",
            "integrity": "sha512-T9q82TJI9e/C1TAxYvfb16xO120tMVFZrGA3f9/P4424DNu6ypK103y0GPFVa17yotwSyZW5iYXgjYHkGrJW/g==",
            "optional": true
        },
        "unc-path-regex": {
            "version": "0.1.2",
            "resolved": "https://registry.npmjs.org/unc-path-regex/-/unc-path-regex-0.1.2.tgz",
            "integrity": "sha512-eXL4nmJT7oCpkZsHZUOJo8hcX3GbsiDOa0Qu9F646fi8dT3XuSVopVqAcEiVzSKKH7UoDti23wNX3qGFxcW5Qg=="
        },
        "universalify": {
            "version": "0.1.2",
            "resolved": "https://registry.npmjs.org/universalify/-/universalify-0.1.2.tgz",
            "integrity": "sha512-rBJeI5CXAlmy1pV+617WB9J63U6XcazHHF2f2dbJix4XzpUF0RS3Zbj0FGIOCAva5P/d/GBOYaACQ1w+0azUkg=="
        },
        "wordwrap": {
            "version": "1.0.0",
            "resolved": "https://registry.npmjs.org/wordwrap/-/wordwrap-1.0.0.tgz",
            "integrity": "sha512-gvVzJFlPycKc5dZN4yPkP8w7Dc37BtP1yczEneOb4uq34pXZcvrtRTmWV8W+Ume+XCxKgbjM+nevkyFPMybd4Q=="
        },
        "yup": {
            "version": "0.32.11",
            "resolved": "https://registry.npmjs.org/yup/-/yup-0.32.11.tgz",
            "integrity": "sha512-Z2Fe1bn+eLstG8DRR6FTavGD+MeAwyfmouhHsIUgaADz8jvFKbO/fXc2trJKZg+5EBjh4gGm3iU/t3onKlXHIg==",
            "requires": {
                "@babel/runtime": "^7.15.4",
                "@types/lodash": "^4.14.175",
                "lodash": "^4.17.21",
                "lodash-es": "^4.17.21",
                "nanoclone": "^0.2.1",
                "property-expr": "^2.0.4",
                "toposort": "^2.0.2"
            }
        }
    }
}
